// !$*UTF8*$!
{
	archiveVersion = 1;
	classes = {
	};
	objectVersion = 50;
	objects = {

/* Begin PBXBuildFile section */
		14DBE70226FF3DF000774AFE /* main.cpp in Sources */ = {isa = PBXBuildFile; fileRef = 14DBE70126FF3DF000774AFE /* main.cpp */; };
		14DBE70A26FF3E8400774AFE /* DataBase.cpp in Sources */ = {isa = PBXBuildFile; fileRef = 14DBE70926FF3E8400774AFE /* DataBase.cpp */; };
		14DBE70D26FF3EE000774AFE /* Data.cpp in Sources */ = {isa = PBXBuildFile; fileRef = 14DBE70C26FF3EE000774AFE /* Data.cpp */; };
		14DBE71126FF439300774AFE /* Table.cpp in Sources */ = {isa = PBXBuildFile; fileRef = 14DBE71026FF439300774AFE /* Table.cpp */; };
		14DBE71526FF453E00774AFE /* Parser.cpp in Sources */ = {isa = PBXBuildFile; fileRef = 14DBE71426FF453E00774AFE /* Parser.cpp */; };
		14DBE71726FF493100774AFE /* Row.cpp in Sources */ = {isa = PBXBuildFile; fileRef = 14DBE71626FF493100774AFE /* Row.cpp */; };
/* End PBXBuildFile section */

/* Begin PBXCopyFilesBuildPhase section */
		14DBE6FC26FF3DF000774AFE /* CopyFiles */ = {
			isa = PBXCopyFilesBuildPhase;
			buildActionMask = 2147483647;
			dstPath = /usr/share/man/man1/;
			dstSubfolderSpec = 0;
			files = (
			);
			runOnlyForDeploymentPostprocessing = 1;
		};
/* End PBXCopyFilesBuildPhase section */

/* Begin PBXFileReference section */
		14DBE6FE26FF3DF000774AFE /* DataBase */ = {isa = PBXFileReference; explicitFileType = "compiled.mach-o.executable"; includeInIndex = 0; path = DataBase; sourceTree = BUILT_PRODUCTS_DIR; };
		14DBE70126FF3DF000774AFE /* main.cpp */ = {isa = PBXFileReference; lastKnownFileType = sourcecode.cpp.cpp; path = main.cpp; sourceTree = "<group>"; };
		14DBE70826FF3E1D00774AFE /* DataBase.h */ = {isa = PBXFileReference; lastKnownFileType = sourcecode.c.h; path = DataBase.h; sourceTree = "<group>"; };
		14DBE70926FF3E8400774AFE /* DataBase.cpp */ = {isa = PBXFileReference; lastKnownFileType = sourcecode.cpp.cpp; path = DataBase.cpp; sourceTree = "<group>"; };
		14DBE70C26FF3EE000774AFE /* Data.cpp */ = {isa = PBXFileReference; lastKnownFileType = sourcecode.cpp.cpp; path = Data.cpp; sourceTree = "<group>"; };
		14DBE70E26FF3EE700774AFE /* Data.h */ = {isa = PBXFileReference; lastKnownFileType = sourcecode.c.h; path = Data.h; sourceTree = "<group>"; };
		14DBE70F26FF42CA00774AFE /* Table.h */ = {isa = PBXFileReference; lastKnownFileType = sourcecode.c.h; path = Table.h; sourceTree = "<group>"; };
		14DBE71026FF439300774AFE /* Table.cpp */ = {isa = PBXFileReference; lastKnownFileType = sourcecode.cpp.cpp; path = Table.cpp; sourceTree = "<group>"; };
		14DBE71226FF43E800774AFE /* Row.h */ = {isa = PBXFileReference; lastKnownFileType = sourcecode.c.h; path = Row.h; sourceTree = "<group>"; };
		14DBE71326FF453100774AFE /* Parser.h */ = {isa = PBXFileReference; lastKnownFileType = sourcecode.c.h; path = Parser.h; sourceTree = "<group>"; };
		14DBE71426FF453E00774AFE /* Parser.cpp */ = {isa = PBXFileReference; lastKnownFileType = sourcecode.cpp.cpp; path = Parser.cpp; sourceTree = "<group>"; };
		14DBE71626FF493100774AFE /* Row.cpp */ = {isa = PBXFileReference; lastKnownFileType = sourcecode.cpp.cpp; path = Row.cpp; sourceTree = "<group>"; };
/* End PBXFileReference section */

/* Begin PBXFrameworksBuildPhase section */
		14DBE6FB26FF3DF000774AFE /* Frameworks */ = {
			isa = PBXFrameworksBuildPhase;
			buildActionMask = 2147483647;
			files = (
			);
			runOnlyForDeploymentPostprocessing = 0;
		};
/* End PBXFrameworksBuildPhase section */

/* Begin PBXGroup section */
		14DBE6F526FF3DF000774AFE = {
			isa = PBXGroup;
			children = (
				14DBE70026FF3DF000774AFE /* DataBase */,
				14DBE6FF26FF3DF000774AFE /* Products */,
			);
			sourceTree = "<group>";
		};
		14DBE6FF26FF3DF000774AFE /* Products */ = {
			isa = PBXGroup;
			children = (
				14DBE6FE26FF3DF000774AFE /* DataBase */,
			);
			name = Products;
			sourceTree = "<group>";
		};
		14DBE70026FF3DF000774AFE /* DataBase */ = {
			isa = PBXGroup;
			children = (
				14DBE70126FF3DF000774AFE /* main.cpp */,
				14DBE70826FF3E1D00774AFE /* DataBase.h */,
				14DBE70926FF3E8400774AFE /* DataBase.cpp */,
				14DBE70E26FF3EE700774AFE /* Data.h */,
				14DBE70C26FF3EE000774AFE /* Data.cpp */,
				14DBE70F26FF42CA00774AFE /* Table.h */,
				14DBE71026FF439300774AFE /* Table.cpp */,
				14DBE71226FF43E800774AFE /* Row.h */,
				14DBE71626FF493100774AFE /* Row.cpp */,
				14DBE71326FF453100774AFE /* Parser.h */,
				14DBE71426FF453E00774AFE /* Parser.cpp */,
			);
			path = DataBase;
			sourceTree = "<group>";
		};
/* End PBXGroup section */

/* Begin PBXNativeTarget section */
		14DBE6FD26FF3DF000774AFE /* DataBase */ = {
			isa = PBXNativeTarget;
			buildConfigurationList = 14DBE70526FF3DF000774AFE /* Build configuration list for PBXNativeTarget "DataBase" */;
			buildPhases = (
				14DBE6FA26FF3DF000774AFE /* Sources */,
				14DBE6FB26FF3DF000774AFE /* Frameworks */,
				14DBE6FC26FF3DF000774AFE /* CopyFiles */,
			);
			buildRules = (
			);
			dependencies = (
			);
			name = DataBase;
			productName = DataBase;
			productReference = 14DBE6FE26FF3DF000774AFE /* DataBase */;
			productType = "com.apple.product-type.tool";
		};
/* End PBXNativeTarget section */

/* Begin PBXProject section */
		14DBE6F626FF3DF000774AFE /* Project object */ = {
			isa = PBXProject;
			attributes = {
				LastUpgradeCheck = 1250;
				TargetAttributes = {
					14DBE6FD26FF3DF000774AFE = {
						CreatedOnToolsVersion = 12.5.1;
					};
				};
			};
			buildConfigurationList = 14DBE6F926FF3DF000774AFE /* Build configuration list for PBXProject "DataBase" */;
			compatibilityVersion = "Xcode 9.3";
			developmentRegion = en;
			hasScannedForEncodings = 0;
			knownRegions = (
				en,
				Base,
			);
			mainGroup = 14DBE6F526FF3DF000774AFE;
			productRefGroup = 14DBE6FF26FF3DF000774AFE /* Products */;
			projectDirPath = "";
			projectRoot = "";
			targets = (
				14DBE6FD26FF3DF000774AFE /* DataBase */,
			);
		};
/* End PBXProject section */

/* Begin PBXSourcesBuildPhase section */
		14DBE6FA26FF3DF000774AFE /* Sources */ = {
			isa = PBXSourcesBuildPhase;
			buildActionMask = 2147483647;
			files = (
				14DBE71726FF493100774AFE /* Row.cpp in Sources */,
				14DBE70D26FF3EE000774AFE /* Data.cpp in Sources */,
				14DBE70A26FF3E8400774AFE /* DataBase.cpp in Sources */,
				14DBE71126FF439300774AFE /* Table.cpp in Sources */,
				14DBE71526FF453E00774AFE /* Parser.cpp in Sources */,
				14DBE70226FF3DF000774AFE /* main.cpp in Sources */,
			);
			runOnlyForDeploymentPostprocessing = 0;
		};
/* End PBXSourcesBuildPhase section */

/* Begin XCBuildConfiguration section */
		14DBE70326FF3DF000774AFE /* Debug */ = {
			isa = XCBuildConfiguration;
			buildSettings = {
				ALWAYS_SEARCH_USER_PATHS = NO;
				CLANG_ANALYZER_NONNULL = YES;
				CLANG_ANALYZER_NUMBER_OBJECT_CONVERSION = YES_AGGRESSIVE;
				CLANG_CXX_LANGUAGE_STANDARD = "gnu++14";
				CLANG_CXX_LIBRARY = "libc++";
				CLANG_ENABLE_MODULES = YES;
				CLANG_ENABLE_OBJC_ARC = YES;
				CLANG_ENABLE_OBJC_WEAK = YES;
				CLANG_WARN_BLOCK_CAPTURE_AUTORELEASING = YES;
				CLANG_WARN_BOOL_CONVERSION = YES;
				CLANG_WARN_COMMA = YES;
				CLANG_WARN_CONSTANT_CONVERSION = YES;
				CLANG_WARN_DEPRECATED_OBJC_IMPLEMENTATIONS = YES;
				CLANG_WARN_DIRECT_OBJC_ISA_USAGE = YES_ERROR;
				CLANG_WARN_DOCUMENTATION_COMMENTS = YES;
				CLANG_WARN_EMPTY_BODY = YES;
				CLANG_WARN_ENUM_CONVERSION = YES;
				CLANG_WARN_INFINITE_RECURSION = YES;
				CLANG_WARN_INT_CONVERSION = YES;
				CLANG_WARN_NON_LITERAL_NULL_CONVERSION = YES;
				CLANG_WARN_OBJC_IMPLICIT_RETAIN_SELF = YES;
				CLANG_WARN_OBJC_LITERAL_CONVERSION = YES;
				CLANG_WARN_OBJC_ROOT_CLASS = YES_ERROR;
				CLANG_WARN_QUOTED_INCLUDE_IN_FRAMEWORK_HEADER = YES;
				CLANG_WARN_RANGE_LOOP_ANALYSIS = YES;
				CLANG_WARN_STRICT_PROTOTYPES = YES;
				CLANG_WARN_SUSPICIOUS_MOVE = YES;
				CLANG_WARN_UNGUARDED_AVAILABILITY = YES_AGGRESSIVE;
				CLANG_WARN_UNREACHABLE_CODE = YES;
				CLANG_WARN__DUPLICATE_METHOD_MATCH = YES;
				COPY_PHASE_STRIP = NO;
				DEBUG_INFORMATION_FORMAT = dwarf;
				ENABLE_STRICT_OBJC_MSGSEND = YES;
				ENABLE_TESTABILITY = YES;
				GCC_C_LANGUAGE_STANDARD = gnu11;
				GCC_DYNAMIC_NO_PIC = NO;
				GCC_NO_COMMON_BLOCKS = YES;
				GCC_OPTIMIZATION_LEVEL = 0;
				GCC_PREPROCESSOR_DEFINITIONS = (
					"DEBUG=1",
					"$(inherited)",
				);
				GCC_WARN_64_TO_32_BIT_CONVERSION = YES;
				GCC_WARN_ABOUT_RETURN_TYPE = YES_ERROR;
				GCC_WARN_UNDECLARED_SELECTOR = YES;
				GCC_WARN_UNINITIALIZED_AUTOS = YES_AGGRESSIVE;
				GCC_WARN_UNUSED_FUNCTION = YES;
				GCC_WARN_UNUSED_VARIABLE = YES;
				MACOSX_DEPLOYMENT_TARGET = 11.3;
				MTL_ENABLE_DEBUG_INFO = INCLUDE_SOURCE;
				MTL_FAST_MATH = YES;
				ONLY_ACTIVE_ARCH = YES;
				SDKROOT = macosx;
			};
			name = Debug;
		};
		14DBE70426FF3DF000774AFE /* Release */ = {
			isa = XCBuildConfiguration;
			buildSettings = {
				ALWAYS_SEARCH_USER_PATHS = NO;
				CLANG_ANALYZER_NONNULL = YES;
				CLANG_ANALYZER_NUMBER_OBJECT_CONVERSION = YES_AGGRESSIVE;
				CLANG_CXX_LANGUAGE_STANDARD = "gnu++14";
				CLANG_CXX_LIBRARY = "libc++";
				CLANG_ENABLE_MODULES = YES;
				CLANG_ENABLE_OBJC_ARC = YES;
				CLANG_ENABLE_OBJC_WEAK = YES;
				CLANG_WARN_BLOCK_CAPTURE_AUTORELEASING = YES;
				CLANG_WARN_BOOL_CONVERSION = YES;
				CLANG_WARN_COMMA = YES;
				CLANG_WARN_CONSTANT_CONVERSION = YES;
				CLANG_WARN_DEPRECATED_OBJC_IMPLEMENTATIONS = YES;
				CLANG_WARN_DIRECT_OBJC_ISA_USAGE = YES_ERROR;
				CLANG_WARN_DOCUMENTATION_COMMENTS = YES;
				CLANG_WARN_EMPTY_BODY = YES;
				CLANG_WARN_ENUM_CONVERSION = YES;
				CLANG_WARN_INFINITE_RECURSION = YES;
				CLANG_WARN_INT_CONVERSION = YES;
				CLANG_WARN_NON_LITERAL_NULL_CONVERSION = YES;
				CLANG_WARN_OBJC_IMPLICIT_RETAIN_SELF = YES;
				CLANG_WARN_OBJC_LITERAL_CONVERSION = YES;
				CLANG_WARN_OBJC_ROOT_CLASS = YES_ERROR;
				CLANG_WARN_QUOTED_INCLUDE_IN_FRAMEWORK_HEADER = YES;
				CLANG_WARN_RANGE_LOOP_ANALYSIS = YES;
				CLANG_WARN_STRICT_PROTOTYPES = YES;
				CLANG_WARN_SUSPICIOUS_MOVE = YES;
				CLANG_WARN_UNGUARDED_AVAILABILITY = YES_AGGRESSIVE;
				CLANG_WARN_UNREACHABLE_CODE = YES;
				CLANG_WARN__DUPLICATE_METHOD_MATCH = YES;
				COPY_PHASE_STRIP = NO;
				DEBUG_INFORMATION_FORMAT = "dwarf-with-dsym";
				ENABLE_NS_ASSERTIONS = NO;
				ENABLE_STRICT_OBJC_MSGSEND = YES;
				GCC_C_LANGUAGE_STANDARD = gnu11;
				GCC_NO_COMMON_BLOCKS = YES;
				GCC_WARN_64_TO_32_BIT_CONVERSION = YES;
				GCC_WARN_ABOUT_RETURN_TYPE = YES_ERROR;
				GCC_WARN_UNDECLARED_SELECTOR = YES;
				GCC_WARN_UNINITIALIZED_AUTOS = YES_AGGRESSIVE;
				GCC_WARN_UNUSED_FUNCTION = YES;
				GCC_WARN_UNUSED_VARIABLE = YES;
				MACOSX_DEPLOYMENT_TARGET = 11.3;
				MTL_ENABLE_DEBUG_INFO = NO;
				MTL_FAST_MATH = YES;
				SDKROOT = macosx;
			};
			name = Release;
		};
		14DBE70626FF3DF000774AFE /* Debug */ = {
			isa = XCBuildConfiguration;
			buildSettings = {
				CODE_SIGN_STYLE = Automatic;
				DEVELOPMENT_TEAM = 2987DNBHD2;
				ENABLE_HARDENED_RUNTIME = YES;
				PRODUCT_NAME = "$(TARGET_NAME)";
			};
			name = Debug;
		};
		14DBE70726FF3DF000774AFE /* Release */ = {
			isa = XCBuildConfiguration;
			buildSettings = {
				CODE_SIGN_STYLE = Automatic;
				DEVELOPMENT_TEAM = 2987DNBHD2;
				ENABLE_HARDENED_RUNTIME = YES;
				PRODUCT_NAME = "$(TARGET_NAME)";
			};
			name = Release;
		};
/* End XCBuildConfiguration section */

/* Begin XCConfigurationList section */
		14DBE6F926FF3DF000774AFE /* Build configuration list for PBXProject "DataBase" */ = {
			isa = XCConfigurationList;
			buildConfigurations = (
				14DBE70326FF3DF000774AFE /* Debug */,
				14DBE70426FF3DF000774AFE /* Release */,
			);
			defaultConfigurationIsVisible = 0;
			defaultConfigurationName = Release;
		};
		14DBE70526FF3DF000774AFE /* Build configuration list for PBXNativeTarget "DataBase" */ = {
			isa = XCConfigurationList;
			buildConfigurations = (
				14DBE70626FF3DF000774AFE /* Debug */,
				14DBE70726FF3DF000774AFE /* Release */,
			);
			defaultConfigurationIsVisible = 0;
			defaultConfigurationName = Release;
		};
/* End XCConfigurationList section */
	};
	rootObject = 14DBE6F626FF3DF000774AFE /* Project object */;
}
